
Microsoft Visual Studio Solution File, Format Version 12.00
# Visual Studio 14
VisualStudioVersion = 14.0.25420.1
MinimumVisualStudioVersion = 10.0.40219.1
Project("{FAE04EC0-301F-11D3-BF4B-00C04F79EFBC}") = "MonitorAppWPF", "MonitorAppWPF\MonitorAppWPF.csproj", "{749DEF48-0543-4B16-A3F2-70F5660DC4A2}"
EndProject
Project("{FAE04EC0-301F-11D3-BF4B-00C04F79EFBC}") = "PetsEntityLib", "PetsEntityLib\PetsEntityLib.csproj", "{EB1778BF-A8C5-41DC-9B00-A01F39E8B283}"
EndProject
Project("{FAE04EC0-301F-11D3-BF4B-00C04F79EFBC}") = "XmlGeneratingService", "XmlGeneratingService\XmlGeneratingService.csproj", "{6339D6BB-3CDC-40AD-9A0C-25BBA75CAD74}"
EndProject
Project("{FAE04EC0-301F-11D3-BF4B-00C04F79EFBC}") = "XmlPersistanceLib", "XmlPersistanceLib\XmlPersistanceLib.csproj", "{135F54AC-39F1-4FDE-BEF4-A652CC445468}"
EndProject
Global
	GlobalSection(SolutionConfigurationPlatforms) = preSolution
		Debug|Any CPU = Debug|Any CPU
		Release|Any CPU = Release|Any CPU
	EndGlobalSection
	GlobalSection(ProjectConfigurationPlatforms) = postSolution
		{749DEF48-0543-4B16-A3F2-70F5660DC4A2}.Debug|Any CPU.ActiveCfg = Debug|Any CPU
		{749DEF48-0543-4B16-A3F2-70F5660DC4A2}.Debug|Any CPU.Build.0 = Debug|Any CPU
		{749DEF48-0543-4B16-A3F2-70F5660DC4A2}.Release|Any CPU.ActiveCfg = Release|Any CPU
		{749DEF48-0543-4B16-A3F2-70F5660DC4A2}.Release|Any CPU.Build.0 = Release|Any CPU
		{EB1778BF-A8C5-41DC-9B00-A01F39E8B283}.Debug|Any CPU.ActiveCfg = Debug|Any CPU
		{EB1778BF-A8C5-41DC-9B00-A01F39E8B283}.Debug|Any CPU.Build.0 = Debug|Any CPU
		{EB1778BF-A8C5-41DC-9B00-A01F39E8B283}.Release|Any CPU.ActiveCfg = Release|Any CPU
		{EB1778BF-A8C5-41DC-9B00-A01F39E8B283}.Release|Any CPU.Build.0 = Release|Any CPU
		{6339D6BB-3CDC-40AD-9A0C-25BBA75CAD74}.Debug|Any CPU.ActiveCfg = Debug|Any CPU
		{6339D6BB-3CDC-40AD-9A0C-25BBA75CAD74}.Debug|Any CPU.Build.0 = Debug|Any CPU
		{6339D6BB-3CDC-40AD-9A0C-25BBA75CAD74}.Release|Any CPU.ActiveCfg = Release|Any CPU
		{6339D6BB-3CDC-40AD-9A0C-25BBA75CAD74}.Release|Any CPU.Build.0 = Release|Any CPU
		{135F54AC-39F1-4FDE-BEF4-A652CC445468}.Debug|Any CPU.ActiveCfg = Debug|Any CPU
		{135F54AC-39F1-4FDE-BEF4-A652CC445468}.Debug|Any CPU.Build.0 = Debug|Any CPU
		{135F54AC-39F1-4FDE-BEF4-A652CC445468}.Release|Any CPU.ActiveCfg = Release|Any CPU
		{135F54AC-39F1-4FDE-BEF4-A652CC445468}.Release|Any CPU.Build.0 = Release|Any CPU
	EndGlobalSection
	GlobalSection(SolutionProperties) = preSolution
		HideSolutionNode = FALSE
	EndGlobalSection
EndGlobal
